<?xml version="1.0" encoding="utf-8"?>
<Project ToolsVersion="15.0" xmlns="http://schemas.microsoft.com/developer/msbuild/2003">
  <ItemGroup>
    <ClCompile Include="TestSuiteMain.cpp">
      <Filter>Source Files</Filter>
    </ClCompile>
    <ClCompile Include="TestSuiteUtils.cpp">
      <Filter>Source Files</Filter>
    </ClCompile>
    <ClCompile Include="TestSuiteMisc.cpp">
      <Filter>Source Files</Filter>
    </ClCompile>
    <ClCompile Include="actionsSoCallbackActionTest.cpp">
      <Filter>Source Files</Filter>
    </ClCompile>
    <ClCompile Include="actionsSoWriteActionTest.cpp">
      <Filter>Source Files</Filter>
    </ClCompile>
    <ClCompile Include="baseSbBSPTreeTest.cpp">
      <Filter>Source Files</Filter>
    </ClCompile>
    <ClCompile Include="baseSbBox2dTest.cpp">
      <Filter>Source Files</Filter>
    </ClCompile>
    <ClCompile Include="baseSbBox2fTest.cpp">
      <Filter>Source Files</Filter>
    </ClCompile>
    <ClCompile Include="baseSbBox2i32Test.cpp">
      <Filter>Source Files</Filter>
    </ClCompile>
    <ClCompile Include="baseSbBox2sTest.cpp">
      <Filter>Source Files</Filter>
    </ClCompile>
    <ClCompile Include="baseSbBox3i32Test.cpp">
      <Filter>Source Files</Filter>
    </ClCompile>
    <ClCompile Include="baseSbBox3sTest.cpp">
      <Filter>Source Files</Filter>
    </ClCompile>
    <ClCompile Include="baseSbByteBufferTest.cpp">
      <Filter>Source Files</Filter>
    </ClCompile>
    <ClCompile Include="baseSbDPMatrixTest.cpp">
      <Filter>Source Files</Filter>
    </ClCompile>
    <ClCompile Include="baseSbDPPlaneTest.cpp">
      <Filter>Source Files</Filter>
    </ClCompile>
    <ClCompile Include="baseSbDPRotationTest.cpp">
      <Filter>Source Files</Filter>
    </ClCompile>
    <ClCompile Include="baseSbImageTest.cpp">
      <Filter>Source Files</Filter>
    </ClCompile>
    <ClCompile Include="baseSbMatrixTest.cpp">
      <Filter>Source Files</Filter>
    </ClCompile>
    <ClCompile Include="baseSbPlaneTest.cpp">
      <Filter>Source Files</Filter>
    </ClCompile>
    <ClCompile Include="baseSbRotationTest.cpp">
      <Filter>Source Files</Filter>
    </ClCompile>
    <ClCompile Include="baseSbStringTest.cpp">
      <Filter>Source Files</Filter>
    </ClCompile>
    <ClCompile Include="baseSbVec3dTest.cpp">
      <Filter>Source Files</Filter>
    </ClCompile>
    <ClCompile Include="baseSbVec3fTest.cpp">
      <Filter>Source Files</Filter>
    </ClCompile>
    <ClCompile Include="baseSbVec3sTest.cpp">
      <Filter>Source Files</Filter>
    </ClCompile>
    <ClCompile Include="baseSbVec3usTest.cpp">
      <Filter>Source Files</Filter>
    </ClCompile>
    <ClCompile Include="baseSbVec4fTest.cpp">
      <Filter>Source Files</Filter>
    </ClCompile>
    <ClCompile Include="baseSbViewVolumeTest.cpp">
      <Filter>Source Files</Filter>
    </ClCompile>
    <ClCompile Include="baseheapTest.cpp">
      <Filter>Source Files</Filter>
    </ClCompile>
    <ClCompile Include="baserbptreeTest.cpp">
      <Filter>Source Files</Filter>
    </ClCompile>
    <ClCompile Include="draggersSoTransformerDraggerTest.cpp">
      <Filter>Source Files</Filter>
    </ClCompile>
    <ClCompile Include="fieldsSoMFBitMaskTest.cpp">
      <Filter>Source Files</Filter>
    </ClCompile>
    <ClCompile Include="fieldsSoMFBoolTest.cpp">
      <Filter>Source Files</Filter>
    </ClCompile>
    <ClCompile Include="fieldsSoMFColorRGBATest.cpp">
      <Filter>Source Files</Filter>
    </ClCompile>
    <ClCompile Include="fieldsSoMFColorTest.cpp">
      <Filter>Source Files</Filter>
    </ClCompile>
    <ClCompile Include="fieldsSoMFDoubleTest.cpp">
      <Filter>Source Files</Filter>
    </ClCompile>
    <ClCompile Include="fieldsSoMFEngineTest.cpp">
      <Filter>Source Files</Filter>
    </ClCompile>
    <ClCompile Include="fieldsSoMFEnumTest.cpp">
      <Filter>Source Files</Filter>
    </ClCompile>
    <ClCompile Include="fieldsSoMFFloatTest.cpp">
      <Filter>Source Files</Filter>
    </ClCompile>
    <ClCompile Include="fieldsSoMFInt32Test.cpp">
      <Filter>Source Files</Filter>
    </ClCompile>
    <ClCompile Include="fieldsSoMFMatrixTest.cpp">
      <Filter>Source Files</Filter>
    </ClCompile>
    <ClCompile Include="fieldsSoMFNameTest.cpp">
      <Filter>Source Files</Filter>
    </ClCompile>
    <ClCompile Include="fieldsSoMFNodeTest.cpp">
      <Filter>Source Files</Filter>
    </ClCompile>
    <ClCompile Include="fieldsSoMFPathTest.cpp">
      <Filter>Source Files</Filter>
    </ClCompile>
    <ClCompile Include="fieldsSoMFPlaneTest.cpp">
      <Filter>Source Files</Filter>
    </ClCompile>
    <ClCompile Include="fieldsSoMFRotationTest.cpp">
      <Filter>Source Files</Filter>
    </ClCompile>
    <ClCompile Include="fieldsSoMFShortTest.cpp">
      <Filter>Source Files</Filter>
    </ClCompile>
    <ClCompile Include="fieldsSoMFStringTest.cpp">
      <Filter>Source Files</Filter>
    </ClCompile>
    <ClCompile Include="fieldsSoMFTimeTest.cpp">
      <Filter>Source Files</Filter>
    </ClCompile>
    <ClCompile Include="fieldsSoMFUInt32Test.cpp">
      <Filter>Source Files</Filter>
    </ClCompile>
    <ClCompile Include="fieldsSoMFUShortTest.cpp">
      <Filter>Source Files</Filter>
    </ClCompile>
    <ClCompile Include="fieldsSoMFVec2bTest.cpp">
      <Filter>Source Files</Filter>
    </ClCompile>
    <ClCompile Include="fieldsSoMFVec2dTest.cpp">
      <Filter>Source Files</Filter>
    </ClCompile>
    <ClCompile Include="fieldsSoMFVec2fTest.cpp">
      <Filter>Source Files</Filter>
    </ClCompile>
    <ClCompile Include="fieldsSoMFVec2i32Test.cpp">
      <Filter>Source Files</Filter>
    </ClCompile>
    <ClCompile Include="fieldsSoMFVec2sTest.cpp">
      <Filter>Source Files</Filter>
    </ClCompile>
    <ClCompile Include="fieldsSoMFVec3bTest.cpp">
      <Filter>Source Files</Filter>
    </ClCompile>
    <ClCompile Include="fieldsSoMFVec3dTest.cpp">
      <Filter>Source Files</Filter>
    </ClCompile>
    <ClCompile Include="fieldsSoMFVec3fTest.cpp">
      <Filter>Source Files</Filter>
    </ClCompile>
    <ClCompile Include="fieldsSoMFVec3i32Test.cpp">
      <Filter>Source Files</Filter>
    </ClCompile>
    <ClCompile Include="fieldsSoMFVec3sTest.cpp">
      <Filter>Source Files</Filter>
    </ClCompile>
    <ClCompile Include="fieldsSoMFVec4bTest.cpp">
      <Filter>Source Files</Filter>
    </ClCompile>
    <ClCompile Include="fieldsSoMFVec4dTest.cpp">
      <Filter>Source Files</Filter>
    </ClCompile>
    <ClCompile Include="fieldsSoMFVec4fTest.cpp">
      <Filter>Source Files</Filter>
    </ClCompile>
    <ClCompile Include="fieldsSoMFVec4i32Test.cpp">
      <Filter>Source Files</Filter>
    </ClCompile>
    <ClCompile Include="fieldsSoMFVec4sTest.cpp">
      <Filter>Source Files</Filter>
    </ClCompile>
    <ClCompile Include="fieldsSoMFVec4ubTest.cpp">
      <Filter>Source Files</Filter>
    </ClCompile>
    <ClCompile Include="fieldsSoMFVec4ui32Test.cpp">
      <Filter>Source Files</Filter>
    </ClCompile>
    <ClCompile Include="fieldsSoMFVec4usTest.cpp">
      <Filter>Source Files</Filter>
    </ClCompile>
    <ClCompile Include="fieldsSoSFBitMaskTest.cpp">
      <Filter>Source Files</Filter>
    </ClCompile>
    <ClCompile Include="fieldsSoSFBoolTest.cpp">
      <Filter>Source Files</Filter>
    </ClCompile>
    <ClCompile Include="fieldsSoSFBox2dTest.cpp">
      <Filter>Source Files</Filter>
    </ClCompile>
    <ClCompile Include="fieldsSoSFBox2fTest.cpp">
      <Filter>Source Files</Filter>
    </ClCompile>
    <ClCompile Include="fieldsSoSFBox2i32Test.cpp">
      <Filter>Source Files</Filter>
    </ClCompile>
    <ClCompile Include="fieldsSoSFBox2sTest.cpp">
      <Filter>Source Files</Filter>
    </ClCompile>
    <ClCompile Include="fieldsSoSFBox3dTest.cpp">
      <Filter>Source Files</Filter>
    </ClCompile>
    <ClCompile Include="fieldsSoSFBox3fTest.cpp">
      <Filter>Source Files</Filter>
    </ClCompile>
    <ClCompile Include="fieldsSoSFBox3i32Test.cpp">
      <Filter>Source Files</Filter>
    </ClCompile>
    <ClCompile Include="fieldsSoSFBox3sTest.cpp">
      <Filter>Source Files</Filter>
    </ClCompile>
    <ClCompile Include="fieldsSoSFColorRGBATest.cpp">
      <Filter>Source Files</Filter>
    </ClCompile>
    <ClCompile Include="fieldsSoSFColorTest.cpp">
      <Filter>Source Files</Filter>
    </ClCompile>
    <ClCompile Include="fieldsSoSFDoubleTest.cpp">
      <Filter>Source Files</Filter>
    </ClCompile>
    <ClCompile Include="fieldsSoSFEngineTest.cpp">
      <Filter>Source Files</Filter>
    </ClCompile>
    <ClCompile Include="fieldsSoSFEnumTest.cpp">
      <Filter>Source Files</Filter>
    </ClCompile>
    <ClCompile Include="fieldsSoSFFloatTest.cpp">
      <Filter>Source Files</Filter>
    </ClCompile>
    <ClCompile Include="fieldsSoSFImage3Test.cpp">
      <Filter>Source Files</Filter>
    </ClCompile>
    <ClCompile Include="fieldsSoSFImageTest.cpp">
      <Filter>Source Files</Filter>
    </ClCompile>
    <ClCompile Include="fieldsSoSFInt32Test.cpp">
      <Filter>Source Files</Filter>
    </ClCompile>
    <ClCompile Include="fieldsSoSFMatrixTest.cpp">
      <Filter>Source Files</Filter>
    </ClCompile>
    <ClCompile Include="fieldsSoSFNameTest.cpp">
      <Filter>Source Files</Filter>
    </ClCompile>
    <ClCompile Include="fieldsSoSFNodeTest.cpp">
      <Filter>Source Files</Filter>
    </ClCompile>
    <ClCompile Include="fieldsSoSFPathTest.cpp">
      <Filter>Source Files</Filter>
    </ClCompile>
    <ClCompile Include="fieldsSoSFPlaneTest.cpp">
      <Filter>Source Files</Filter>
    </ClCompile>
    <ClCompile Include="fieldsSoSFRotationTest.cpp">
      <Filter>Source Files</Filter>
    </ClCompile>
    <ClCompile Include="fieldsSoSFShortTest.cpp">
      <Filter>Source Files</Filter>
    </ClCompile>
    <ClCompile Include="fieldsSoSFStringTest.cpp">
      <Filter>Source Files</Filter>
    </ClCompile>
    <ClCompile Include="fieldsSoSFTimeTest.cpp">
      <Filter>Source Files</Filter>
    </ClCompile>
    <ClCompile Include="fieldsSoSFTriggerTest.cpp">
      <Filter>Source Files</Filter>
    </ClCompile>
    <ClCompile Include="fieldsSoSFUInt32Test.cpp">
      <Filter>Source Files</Filter>
    </ClCompile>
    <ClCompile Include="fieldsSoSFUShortTest.cpp">
      <Filter>Source Files</Filter>
    </ClCompile>
    <ClCompile Include="fieldsSoSFVec2bTest.cpp">
      <Filter>Source Files</Filter>
    </ClCompile>
    <ClCompile Include="fieldsSoSFVec2dTest.cpp">
      <Filter>Source Files</Filter>
    </ClCompile>
    <ClCompile Include="fieldsSoSFVec2fTest.cpp">
      <Filter>Source Files</Filter>
    </ClCompile>
    <ClCompile Include="fieldsSoSFVec2i32Test.cpp">
      <Filter>Source Files</Filter>
    </ClCompile>
    <ClCompile Include="fieldsSoSFVec2sTest.cpp">
      <Filter>Source Files</Filter>
    </ClCompile>
    <ClCompile Include="fieldsSoSFVec3bTest.cpp">
      <Filter>Source Files</Filter>
    </ClCompile>
    <ClCompile Include="fieldsSoSFVec3dTest.cpp">
      <Filter>Source Files</Filter>
    </ClCompile>
    <ClCompile Include="fieldsSoSFVec3fTest.cpp">
      <Filter>Source Files</Filter>
    </ClCompile>
    <ClCompile Include="fieldsSoSFVec3i32Test.cpp">
      <Filter>Source Files</Filter>
    </ClCompile>
    <ClCompile Include="fieldsSoSFVec3sTest.cpp">
      <Filter>Source Files</Filter>
    </ClCompile>
    <ClCompile Include="fieldsSoSFVec4bTest.cpp">
      <Filter>Source Files</Filter>
    </ClCompile>
    <ClCompile Include="fieldsSoSFVec4dTest.cpp">
      <Filter>Source Files</Filter>
    </ClCompile>
    <ClCompile Include="fieldsSoSFVec4fTest.cpp">
      <Filter>Source Files</Filter>
    </ClCompile>
    <ClCompile Include="fieldsSoSFVec4i32Test.cpp">
      <Filter>Source Files</Filter>
    </ClCompile>
    <ClCompile Include="fieldsSoSFVec4sTest.cpp">
      <Filter>Source Files</Filter>
    </ClCompile>
    <ClCompile Include="fieldsSoSFVec4ubTest.cpp">
      <Filter>Source Files</Filter>
    </ClCompile>
    <ClCompile Include="fieldsSoSFVec4ui32Test.cpp">
      <Filter>Source Files</Filter>
    </ClCompile>
    <ClCompile Include="fieldsSoSFVec4usTest.cpp">
      <Filter>Source Files</Filter>
    </ClCompile>
    <ClCompile Include="geoSoGeoCoordinateTest.cpp">
      <Filter>Source Files</Filter>
    </ClCompile>
    <ClCompile Include="geoSoGeoElementTest.cpp">
      <Filter>Source Files</Filter>
    </ClCompile>
    <ClCompile Include="geoSoGeoLocationTest.cpp">
      <Filter>Source Files</Filter>
    </ClCompile>
    <ClCompile Include="geoSoGeoOriginTest.cpp">
      <Filter>Source Files</Filter>
    </ClCompile>
    <ClCompile Include="geoSoGeoSeparatorTest.cpp">
      <Filter>Source Files</Filter>
    </ClCompile>
    <ClCompile Include="miscSoBasePTest.cpp">
      <Filter>Source Files</Filter>
    </ClCompile>
    <ClCompile Include="miscSoBaseTest.cpp">
      <Filter>Source Files</Filter>
    </ClCompile>
    <ClCompile Include="miscSoDBTest.cpp">
      <Filter>Source Files</Filter>
    </ClCompile>
    <ClCompile Include="miscSoTypeTest.cpp">
      <Filter>Source Files</Filter>
    </ClCompile>
    <ClCompile Include="modelsTest.cpp">
      <Filter>Source Files</Filter>
    </ClCompile>
    <ClCompile Include="modelsioincorrectTest.cpp">
      <Filter>Source Files</Filter>
    </ClCompile>
    <ClCompile Include="nodesSoAnnotationTest.cpp">
      <Filter>Source Files</Filter>
    </ClCompile>
    <ClCompile Include="scxmlSbStringConvertTest.cpp">
      <Filter>Source Files</Filter>
    </ClCompile>
    <ClCompile Include="scxmlScXMLMinimumEvaluatorTest.cpp">
      <Filter>Source Files</Filter>
    </ClCompile>
    <ClCompile Include="shadersSoFragmentShaderTest.cpp">
      <Filter>Source Files</Filter>
    </ClCompile>
    <ClCompile Include="shadersSoGeometryShaderTest.cpp">
      <Filter>Source Files</Filter>
    </ClCompile>
    <ClCompile Include="shadersSoShaderParameterTest.cpp">
      <Filter>Source Files</Filter>
    </ClCompile>
    <ClCompile Include="shadersSoShaderProgramTest.cpp">
      <Filter>Source Files</Filter>
    </ClCompile>
    <ClCompile Include="shadersSoVertexShaderTest.cpp">
      <Filter>Source Files</Filter>
    </ClCompile>
    <ClCompile Include="shadowsSoGLShadowCullingElementTest.cpp">
      <Filter>Source Files</Filter>
    </ClCompile>
    <ClCompile Include="shadowsSoShadowCullingTest.cpp">
      <Filter>Source Files</Filter>
    </ClCompile>
    <ClCompile Include="shadowsSoShadowDirectionalLightTest.cpp">
      <Filter>Source Files</Filter>
    </ClCompile>
    <ClCompile Include="shadowsSoShadowGroupTest.cpp">
      <Filter>Source Files</Filter>
    </ClCompile>
    <ClCompile Include="shadowsSoShadowSpotLightTest.cpp">
      <Filter>Source Files</Filter>
    </ClCompile>
    <ClCompile Include="shadowsSoShadowStyleElementTest.cpp">
      <Filter>Source Files</Filter>
    </ClCompile>
    <ClCompile Include="shadowsSoShadowStyleTest.cpp">
      <Filter>Source Files</Filter>
    </ClCompile>
    <ClCompile Include="soscxmlScXMLCoinEvaluatorTest.cpp">
      <Filter>Source Files</Filter>
    </ClCompile>
    <ClCompile Include="xmldocumentTest.cpp">
      <Filter>Source Files</Filter>
    </ClCompile>
  </ItemGroup>

  <ItemGroup>
    <Filter Include="Source Files">
      <UniqueIdentifier>{8E418531-9B1B-358F-8FD1-B9B32386BB4D}</UniqueIdentifier>
    </Filter>
  </ItemGroup>
</Project>
